
Microsoft Visual Studio Solution File, Format Version 12.00
# Visual Studio Version 17
VisualStudioVersion = 17.4.33205.214
MinimumVisualStudioVersion = 10.0.40219.1
Project("{2150E333-8FDC-42A3-9474-1A3956D46DE8}") = "1 - Entrypoint", "1 - Entrypoint", "{6401D1EC-B555-45C1-884E-8A98BD8342B6}"
EndProject
Project("{2150E333-8FDC-42A3-9474-1A3956D46DE8}") = "2 - Core", "2 - Core", "{F4C6B9FE-EFCE-4420-9D0A-B8CF65C9E3C1}"
EndProject
Project("{2150E333-8FDC-42A3-9474-1A3956D46DE8}") = "3- Infrastructure", "3- Infrastructure", "{7A117269-9FDF-4A2A-B391-F186AE7C7525}"
EndProject
Project("{9A19103F-16F7-4668-BE54-9A1E7A4F7556}") = "AVMTravel.Tours.API.Domain", "AVMTravel.Tours.API.Domain\AVMTravel.Tours.API.Domain.csproj", "{3452AF38-5322-4EA2-85E0-86B25ECF5A14}"
EndProject
Project("{9A19103F-16F7-4668-BE54-9A1E7A4F7556}") = "AVMTravel.Tours.API.Application", "AVMTravel.Tours.API.Application\AVMTravel.Tours.API.Application.csproj", "{7361A05C-238F-44A5-9EC2-FCA7A216074A}"
EndProject
Project("{9A19103F-16F7-4668-BE54-9A1E7A4F7556}") = "AVMTravel.Tours.API.Persistence", "AVMTravel.Tours.API.Persistence\AVMTravel.Tours.API.Persistence.csproj", "{7B6AE9DD-212E-4F52-91D6-1CEF0D56416D}"
EndProject
Project("{9A19103F-16F7-4668-BE54-9A1E7A4F7556}") = "AVMTravel.Tours.API.Bootstrap", "AVMTravel.Tours.API.Bootstrap\AVMTravel.Tours.API.Bootstrap.csproj", "{A7CF0AEC-2C13-4BEA-9670-FDCEF60A7274}"
EndProject
Project("{9A19103F-16F7-4668-BE54-9A1E7A4F7556}") = "AVMTravel.Tours.API", "AVMTravel.Tours.API\AVMTravel.Tours.API.csproj", "{F647C1EE-9074-4A18-892F-2D79F713458A}"
EndProject
Project("{2150E333-8FDC-42A3-9474-1A3956D46DE8}") = "src", "src", "{26AF4952-C24F-4678-B61D-8F05E3C2CD34}"
EndProject
Project("{FAE04EC0-301F-11D3-BF4B-00C04F79EFBC}") = "AVMTravel.Tours.API.ApiClients", "AVMTravel.Tours.API.ApiClients\AVMTravel.Tours.API.ApiClients.csproj", "{1FA69575-9D88-4645-B9BA-F849FE43815E}"
EndProject
Global
	GlobalSection(SolutionConfigurationPlatforms) = preSolution
		Debug|Any CPU = Debug|Any CPU
		Release|Any CPU = Release|Any CPU
	EndGlobalSection
	GlobalSection(ProjectConfigurationPlatforms) = postSolution
		{3452AF38-5322-4EA2-85E0-86B25ECF5A14}.Debug|Any CPU.ActiveCfg = Debug|Any CPU
		{3452AF38-5322-4EA2-85E0-86B25ECF5A14}.Debug|Any CPU.Build.0 = Debug|Any CPU
		{3452AF38-5322-4EA2-85E0-86B25ECF5A14}.Release|Any CPU.ActiveCfg = Release|Any CPU
		{3452AF38-5322-4EA2-85E0-86B25ECF5A14}.Release|Any CPU.Build.0 = Release|Any CPU
		{7361A05C-238F-44A5-9EC2-FCA7A216074A}.Debug|Any CPU.ActiveCfg = Debug|Any CPU
		{7361A05C-238F-44A5-9EC2-FCA7A216074A}.Debug|Any CPU.Build.0 = Debug|Any CPU
		{7361A05C-238F-44A5-9EC2-FCA7A216074A}.Release|Any CPU.ActiveCfg = Release|Any CPU
		{7361A05C-238F-44A5-9EC2-FCA7A216074A}.Release|Any CPU.Build.0 = Release|Any CPU
		{7B6AE9DD-212E-4F52-91D6-1CEF0D56416D}.Debug|Any CPU.ActiveCfg = Debug|Any CPU
		{7B6AE9DD-212E-4F52-91D6-1CEF0D56416D}.Debug|Any CPU.Build.0 = Debug|Any CPU
		{7B6AE9DD-212E-4F52-91D6-1CEF0D56416D}.Release|Any CPU.ActiveCfg = Release|Any CPU
		{7B6AE9DD-212E-4F52-91D6-1CEF0D56416D}.Release|Any CPU.Build.0 = Release|Any CPU
		{A7CF0AEC-2C13-4BEA-9670-FDCEF60A7274}.Debug|Any CPU.ActiveCfg = Debug|Any CPU
		{A7CF0AEC-2C13-4BEA-9670-FDCEF60A7274}.Debug|Any CPU.Build.0 = Debug|Any CPU
		{A7CF0AEC-2C13-4BEA-9670-FDCEF60A7274}.Release|Any CPU.ActiveCfg = Release|Any CPU
		{A7CF0AEC-2C13-4BEA-9670-FDCEF60A7274}.Release|Any CPU.Build.0 = Release|Any CPU
		{F647C1EE-9074-4A18-892F-2D79F713458A}.Debug|Any CPU.ActiveCfg = Debug|Any CPU
		{F647C1EE-9074-4A18-892F-2D79F713458A}.Debug|Any CPU.Build.0 = Debug|Any CPU
		{F647C1EE-9074-4A18-892F-2D79F713458A}.Release|Any CPU.ActiveCfg = Release|Any CPU
		{F647C1EE-9074-4A18-892F-2D79F713458A}.Release|Any CPU.Build.0 = Release|Any CPU
		{1FA69575-9D88-4645-B9BA-F849FE43815E}.Debug|Any CPU.ActiveCfg = Debug|Any CPU
		{1FA69575-9D88-4645-B9BA-F849FE43815E}.Debug|Any CPU.Build.0 = Debug|Any CPU
		{1FA69575-9D88-4645-B9BA-F849FE43815E}.Release|Any CPU.ActiveCfg = Release|Any CPU
		{1FA69575-9D88-4645-B9BA-F849FE43815E}.Release|Any CPU.Build.0 = Release|Any CPU
	EndGlobalSection
	GlobalSection(SolutionProperties) = preSolution
		HideSolutionNode = FALSE
	EndGlobalSection
	GlobalSection(NestedProjects) = preSolution
		{6401D1EC-B555-45C1-884E-8A98BD8342B6} = {26AF4952-C24F-4678-B61D-8F05E3C2CD34}
		{F4C6B9FE-EFCE-4420-9D0A-B8CF65C9E3C1} = {26AF4952-C24F-4678-B61D-8F05E3C2CD34}
		{7A117269-9FDF-4A2A-B391-F186AE7C7525} = {26AF4952-C24F-4678-B61D-8F05E3C2CD34}
		{3452AF38-5322-4EA2-85E0-86B25ECF5A14} = {F4C6B9FE-EFCE-4420-9D0A-B8CF65C9E3C1}
		{7361A05C-238F-44A5-9EC2-FCA7A216074A} = {F4C6B9FE-EFCE-4420-9D0A-B8CF65C9E3C1}
		{7B6AE9DD-212E-4F52-91D6-1CEF0D56416D} = {7A117269-9FDF-4A2A-B391-F186AE7C7525}
		{A7CF0AEC-2C13-4BEA-9670-FDCEF60A7274} = {7A117269-9FDF-4A2A-B391-F186AE7C7525}
		{F647C1EE-9074-4A18-892F-2D79F713458A} = {6401D1EC-B555-45C1-884E-8A98BD8342B6}
		{1FA69575-9D88-4645-B9BA-F849FE43815E} = {7A117269-9FDF-4A2A-B391-F186AE7C7525}
	EndGlobalSection
	GlobalSection(ExtensibilityGlobals) = postSolution
		SolutionGuid = {C514E0F7-22A3-4046-AF44-713D071CCABE}
	EndGlobalSection
EndGlobal
